
Microsoft Visual Studio Solution File, Format Version 12.00
# Visual Studio Version 17
VisualStudioVersion = 17.8.34330.188
MinimumVisualStudioVersion = 10.0.40219.1
Project("{9A19103F-16F7-4668-BE54-9A1E7A4F7556}") = "AzureFunctionExample", "AzureFunctionExample\AzureFunctionExample.csproj", "{83484DB2-2E49-4DD7-A51D-8F577BCFE6FF}"
EndProject
Project("{9A19103F-16F7-4668-BE54-9A1E7A4F7556}") = "AzureFunctionExample.Domain", "AzureFunctionExample.Domain\AzureFunctionExample.Domain.csproj", "{540ECD25-B04B-494D-89BF-A7E064937940}"
EndProject
Project("{9A19103F-16F7-4668-BE54-9A1E7A4F7556}") = "AzureFunctionExample.Data.MongoDB", "AzureFunctionExample.Data\AzureFunctionExample.Data.MongoDB.csproj", "{F8A96BD8-BE1E-4F7E-AEAC-6EEE2039BC3F}"
EndProject
Global
	GlobalSection(SolutionConfigurationPlatforms) = preSolution
		Debug|Any CPU = Debug|Any CPU
		Release|Any CPU = Release|Any CPU
	EndGlobalSection
	GlobalSection(ProjectConfigurationPlatforms) = postSolution
		{83484DB2-2E49-4DD7-A51D-8F577BCFE6FF}.Debug|Any CPU.ActiveCfg = Debug|Any CPU
		{83484DB2-2E49-4DD7-A51D-8F577BCFE6FF}.Debug|Any CPU.Build.0 = Debug|Any CPU
		{83484DB2-2E49-4DD7-A51D-8F577BCFE6FF}.Release|Any CPU.ActiveCfg = Release|Any CPU
		{83484DB2-2E49-4DD7-A51D-8F577BCFE6FF}.Release|Any CPU.Build.0 = Release|Any CPU
		{540ECD25-B04B-494D-89BF-A7E064937940}.Debug|Any CPU.ActiveCfg = Debug|Any CPU
		{540ECD25-B04B-494D-89BF-A7E064937940}.Debug|Any CPU.Build.0 = Debug|Any CPU
		{540ECD25-B04B-494D-89BF-A7E064937940}.Release|Any CPU.ActiveCfg = Release|Any CPU
		{540ECD25-B04B-494D-89BF-A7E064937940}.Release|Any CPU.Build.0 = Release|Any CPU
		{F8A96BD8-BE1E-4F7E-AEAC-6EEE2039BC3F}.Debug|Any CPU.ActiveCfg = Debug|Any CPU
		{F8A96BD8-BE1E-4F7E-AEAC-6EEE2039BC3F}.Debug|Any CPU.Build.0 = Debug|Any CPU
		{F8A96BD8-BE1E-4F7E-AEAC-6EEE2039BC3F}.Release|Any CPU.ActiveCfg = Release|Any CPU
		{F8A96BD8-BE1E-4F7E-AEAC-6EEE2039BC3F}.Release|Any CPU.Build.0 = Release|Any CPU
	EndGlobalSection
	GlobalSection(SolutionProperties) = preSolution
		HideSolutionNode = FALSE
	EndGlobalSection
	GlobalSection(ExtensibilityGlobals) = postSolution
		SolutionGuid = {A7491603-74CD-48EB-AB69-471AAF0198B2}
	EndGlobalSection
EndGlobal
